
Microsoft Visual Studio Solution File, Format Version 12.00
# Visual Studio Version 16
VisualStudioVersion = 16.0.30907.101
MinimumVisualStudioVersion = 10.0.40219.1
Project("{FAE04EC0-301F-11D3-BF4B-00C04F79EFBC}") = "GameAndGamer", "GameAndGamer\GameAndGamer.csproj", "{72A64073-5896-4615-B7B2-2FA8A938CA18}"
EndProject
Global
	GlobalSection(SolutionConfigurationPlatforms) = preSolution
		Debug|Any CPU = Debug|Any CPU
		Release|Any CPU = Release|Any CPU
	EndGlobalSection
	GlobalSection(ProjectConfigurationPlatforms) = postSolution
		{72A64073-5896-4615-B7B2-2FA8A938CA18}.Debug|Any CPU.ActiveCfg = Debug|Any CPU
		{72A64073-5896-4615-B7B2-2FA8A938CA18}.Debug|Any CPU.Build.0 = Debug|Any CPU
		{72A64073-5896-4615-B7B2-2FA8A938CA18}.Release|Any CPU.ActiveCfg = Release|Any CPU
		{72A64073-5896-4615-B7B2-2FA8A938CA18}.Release|Any CPU.Build.0 = Release|Any CPU
	EndGlobalSection
	GlobalSection(SolutionProperties) = preSolution
		HideSolutionNode = FALSE
	EndGlobalSection
	GlobalSection(ExtensibilityGlobals) = postSolution
		SolutionGuid = {811A4704-5637-4253-9C54-B4BF1633DBBF}
	EndGlobalSection
EndGlobal
